{
  "requires": true,
  "lockfileVersion": 1,
  "dependencies": {
    "bootstrap": {
      "version": "3.3.7",
      "resolved": "https://registry.npmjs.org/bootstrap/-/bootstrap-3.3.7.tgz",
      "integrity": "sha1-WjiTlFSfIzMIdaOxUGVldPip63E="
    },
    "datatables.net": {
      "version": "1.10.16",
      "resolved": "https://registry.npmjs.org/datatables.net/-/datatables.net-1.10.16.tgz",
      "integrity": "sha1-SwUtEIKCQmG2ju2dInQbcR09JGk=",
      "requires": {
        "jquery": "3.3.1"
      }
    },
    "datatables.net-bs": {
      "version": "1.10.16",
      "resolved": "https://registry.npmjs.org/datatables.net-bs/-/datatables.net-bs-1.10.16.tgz",
      "integrity": "sha1-sIVPWzdPcTrj20FWx86op2DD3nY=",
      "requires": {
        "datatables.net": "1.10.16",
        "jquery": "3.3.1"
      }
    },
    "datatables.net-buttons": {
      "version": "1.5.1",
      "resolved": "https://registry.npmjs.org/datatables.net-buttons/-/datatables.net-buttons-1.5.1.tgz",
      "integrity": "sha1-zbNcDIsCYM1FsN9rOfbagVNX/rs=",
      "requires": {
        "datatables.net": "1.10.16",
        "jquery": "3.3.1"
      }
    },
    "datatables.net-buttons-bs": {
      "version": "1.5.1",
      "resolved": "https://registry.npmjs.org/datatables.net-buttons-bs/-/datatables.net-buttons-bs-1.5.1.tgz",
      "integrity": "sha1-bRsCvTQDpV93NiBzMnW7C4dOkcw=",
      "requires": {
        "datatables.net-bs": "1.10.16",
        "datatables.net-buttons": "1.5.1",
        "jquery": "3.3.1"
      }
    },
    "font-awesome": {
      "version": "4.7.0",
      "resolved": "https://registry.npmjs.org/font-awesome/-/font-awesome-4.7.0.tgz",
      "integrity": "sha1-j6jPBBGhoxr9B7BtKQK7n8gVoTM="
    },
    "ionicons": {
      "version": "3.0.0",
      "resolved": "https://registry.npmjs.org/ionicons/-/ionicons-3.0.0.tgz",
      "integrity": "sha1-QLja9P16MRUL0AIWD2ZJbiKpjDw="
    },
    "jquery": {
      "version": "3.3.1",
      "resolved": "https://registry.npmjs.org/jquery/-/jquery-3.3.1.tgz",
      "integrity": "sha512-Ubldcmxp5np52/ENotGxlLe6aGMvmF4R8S6tZjsP6Knsaxd/xp3Zrh50cG93lR6nPXyUFwzN3ZSOQI0wRJNdGg=="
    },
    "jquery.inputmask": {
      "version": "3.3.4",
      "resolved": "https://registry.npmjs.org/jquery.inputmask/-/jquery.inputmask-3.3.4.tgz",
      "integrity": "sha1-/0qP0Zb5/iihf9d6LaV5wVp4pgY="
    },
    "parsleyjs": {
      "version": "2.8.1",
      "resolved": "https://registry.npmjs.org/parsleyjs/-/parsleyjs-2.8.1.tgz",
      "integrity": "sha1-oEq/kcIUZHXm1NVAS0WUCtb7uKQ=",
      "requires": {
        "jquery": "3.3.1"
      }
    },
    "pnotify": {
      "version": "4.0.0-alpha.2",
      "resolved": "https://registry.npmjs.org/pnotify/-/pnotify-4.0.0-alpha.2.tgz",
      "integrity": "sha512-VdujgClM57kgxRZ4mUxM0f44oXTlnwQCHjXSIeS927mNIcH8M+ff90XtAkSadFO0tS6MBTsdbdjjvkA+tMZTzA=="
    }
  }
}
